
Microsoft Visual Studio Solution File, Format Version 12.00
# Visual Studio Version 17
VisualStudioVersion = 17.2.32602.215
MinimumVisualStudioVersion = 10.0.40219.1
Project("{FAE04EC0-301F-11D3-BF4B-00C04F79EFBC}") = "BugsBuster.Android", "BugsBuster\BugsBuster.Android\BugsBuster.Android.csproj", "{60DE49A5-6E32-4353-8D69-CAE774F9ECBB}"
EndProject
Project("{FAE04EC0-301F-11D3-BF4B-00C04F79EFBC}") = "BugsBuster.iOS", "BugsBuster\BugsBuster.iOS\BugsBuster.iOS.csproj", "{01F3CB12-252D-4336-843F-B007711C2F3A}"
EndProject
Project("{FAE04EC0-301F-11D3-BF4B-00C04F79EFBC}") = "BugsBuster", "BugsBuster\BugsBuster\BugsBuster.csproj", "{1A3FA566-317C-4E2F-848F-01727925EA82}"
EndProject
Global
	GlobalSection(SolutionConfigurationPlatforms) = preSolution
		Debug|Any CPU = Debug|Any CPU
		Debug|iPhone = Debug|iPhone
		Debug|iPhoneSimulator = Debug|iPhoneSimulator
		Release|Any CPU = Release|Any CPU
		Release|iPhone = Release|iPhone
		Release|iPhoneSimulator = Release|iPhoneSimulator
	EndGlobalSection
	GlobalSection(ProjectConfigurationPlatforms) = postSolution
		{60DE49A5-6E32-4353-8D69-CAE774F9ECBB}.Debug|Any CPU.ActiveCfg = Debug|Any CPU
		{60DE49A5-6E32-4353-8D69-CAE774F9ECBB}.Debug|Any CPU.Build.0 = Debug|Any CPU
		{60DE49A5-6E32-4353-8D69-CAE774F9ECBB}.Debug|Any CPU.Deploy.0 = Debug|Any CPU
		{60DE49A5-6E32-4353-8D69-CAE774F9ECBB}.Debug|iPhone.ActiveCfg = Debug|Any CPU
		{60DE49A5-6E32-4353-8D69-CAE774F9ECBB}.Debug|iPhone.Build.0 = Debug|Any CPU
		{60DE49A5-6E32-4353-8D69-CAE774F9ECBB}.Debug|iPhone.Deploy.0 = Debug|Any CPU
		{60DE49A5-6E32-4353-8D69-CAE774F9ECBB}.Debug|iPhoneSimulator.ActiveCfg = Debug|Any CPU
		{60DE49A5-6E32-4353-8D69-CAE774F9ECBB}.Debug|iPhoneSimulator.Build.0 = Debug|Any CPU
		{60DE49A5-6E32-4353-8D69-CAE774F9ECBB}.Debug|iPhoneSimulator.Deploy.0 = Debug|Any CPU
		{60DE49A5-6E32-4353-8D69-CAE774F9ECBB}.Release|Any CPU.ActiveCfg = Release|Any CPU
		{60DE49A5-6E32-4353-8D69-CAE774F9ECBB}.Release|Any CPU.Build.0 = Release|Any CPU
		{60DE49A5-6E32-4353-8D69-CAE774F9ECBB}.Release|Any CPU.Deploy.0 = Release|Any CPU
		{60DE49A5-6E32-4353-8D69-CAE774F9ECBB}.Release|iPhone.ActiveCfg = Release|Any CPU
		{60DE49A5-6E32-4353-8D69-CAE774F9ECBB}.Release|iPhone.Build.0 = Release|Any CPU
		{60DE49A5-6E32-4353-8D69-CAE774F9ECBB}.Release|iPhone.Deploy.0 = Release|Any CPU
		{60DE49A5-6E32-4353-8D69-CAE774F9ECBB}.Release|iPhoneSimulator.ActiveCfg = Release|Any CPU
		{60DE49A5-6E32-4353-8D69-CAE774F9ECBB}.Release|iPhoneSimulator.Build.0 = Release|Any CPU
		{60DE49A5-6E32-4353-8D69-CAE774F9ECBB}.Release|iPhoneSimulator.Deploy.0 = Release|Any CPU
		{01F3CB12-252D-4336-843F-B007711C2F3A}.Debug|Any CPU.ActiveCfg = Debug|iPhone
		{01F3CB12-252D-4336-843F-B007711C2F3A}.Debug|Any CPU.Build.0 = Debug|iPhone
		{01F3CB12-252D-4336-843F-B007711C2F3A}.Debug|Any CPU.Deploy.0 = Debug|iPhone
		{01F3CB12-252D-4336-843F-B007711C2F3A}.Debug|iPhone.ActiveCfg = Debug|iPhone
		{01F3CB12-252D-4336-843F-B007711C2F3A}.Debug|iPhone.Build.0 = Debug|iPhone
		{01F3CB12-252D-4336-843F-B007711C2F3A}.Debug|iPhone.Deploy.0 = Debug|iPhone
		{01F3CB12-252D-4336-843F-B007711C2F3A}.Debug|iPhoneSimulator.ActiveCfg = Debug|iPhoneSimulator
		{01F3CB12-252D-4336-843F-B007711C2F3A}.Debug|iPhoneSimulator.Build.0 = Debug|iPhoneSimulator
		{01F3CB12-252D-4336-843F-B007711C2F3A}.Debug|iPhoneSimulator.Deploy.0 = Debug|iPhoneSimulator
		{01F3CB12-252D-4336-843F-B007711C2F3A}.Release|Any CPU.ActiveCfg = Release|iPhoneSimulator
		{01F3CB12-252D-4336-843F-B007711C2F3A}.Release|Any CPU.Build.0 = Release|iPhoneSimulator
		{01F3CB12-252D-4336-843F-B007711C2F3A}.Release|Any CPU.Deploy.0 = Release|iPhoneSimulator
		{01F3CB12-252D-4336-843F-B007711C2F3A}.Release|iPhone.ActiveCfg = Release|iPhone
		{01F3CB12-252D-4336-843F-B007711C2F3A}.Release|iPhone.Build.0 = Release|iPhone
		{01F3CB12-252D-4336-843F-B007711C2F3A}.Release|iPhone.Deploy.0 = Release|iPhone
		{01F3CB12-252D-4336-843F-B007711C2F3A}.Release|iPhoneSimulator.ActiveCfg = Release|iPhoneSimulator
		{01F3CB12-252D-4336-843F-B007711C2F3A}.Release|iPhoneSimulator.Build.0 = Release|iPhoneSimulator
		{01F3CB12-252D-4336-843F-B007711C2F3A}.Release|iPhoneSimulator.Deploy.0 = Release|iPhoneSimulator
		{1A3FA566-317C-4E2F-848F-01727925EA82}.Debug|Any CPU.ActiveCfg = Debug|Any CPU
		{1A3FA566-317C-4E2F-848F-01727925EA82}.Debug|Any CPU.Build.0 = Debug|Any CPU
		{1A3FA566-317C-4E2F-848F-01727925EA82}.Debug|Any CPU.Deploy.0 = Debug|Any CPU
		{1A3FA566-317C-4E2F-848F-01727925EA82}.Debug|iPhone.ActiveCfg = Debug|Any CPU
		{1A3FA566-317C-4E2F-848F-01727925EA82}.Debug|iPhone.Build.0 = Debug|Any CPU
		{1A3FA566-317C-4E2F-848F-01727925EA82}.Debug|iPhone.Deploy.0 = Debug|Any CPU
		{1A3FA566-317C-4E2F-848F-01727925EA82}.Debug|iPhoneSimulator.ActiveCfg = Debug|Any CPU
		{1A3FA566-317C-4E2F-848F-01727925EA82}.Debug|iPhoneSimulator.Build.0 = Debug|Any CPU
		{1A3FA566-317C-4E2F-848F-01727925EA82}.Debug|iPhoneSimulator.Deploy.0 = Debug|Any CPU
		{1A3FA566-317C-4E2F-848F-01727925EA82}.Release|Any CPU.ActiveCfg = Release|Any CPU
		{1A3FA566-317C-4E2F-848F-01727925EA82}.Release|Any CPU.Build.0 = Release|Any CPU
		{1A3FA566-317C-4E2F-848F-01727925EA82}.Release|Any CPU.Deploy.0 = Release|Any CPU
		{1A3FA566-317C-4E2F-848F-01727925EA82}.Release|iPhone.ActiveCfg = Release|Any CPU
		{1A3FA566-317C-4E2F-848F-01727925EA82}.Release|iPhone.Build.0 = Release|Any CPU
		{1A3FA566-317C-4E2F-848F-01727925EA82}.Release|iPhone.Deploy.0 = Release|Any CPU
		{1A3FA566-317C-4E2F-848F-01727925EA82}.Release|iPhoneSimulator.ActiveCfg = Release|Any CPU
		{1A3FA566-317C-4E2F-848F-01727925EA82}.Release|iPhoneSimulator.Build.0 = Release|Any CPU
		{1A3FA566-317C-4E2F-848F-01727925EA82}.Release|iPhoneSimulator.Deploy.0 = Release|Any CPU
	EndGlobalSection
	GlobalSection(SolutionProperties) = preSolution
		HideSolutionNode = FALSE
	EndGlobalSection
	GlobalSection(ExtensibilityGlobals) = postSolution
		SolutionGuid = {586C2BC7-4D45-4436-BE8F-7D79617DF90E}
	EndGlobalSection
EndGlobal
